// !$*UTF8*$!
{
	archiveVersion = 1;
	classes = {
	};
	objectVersion = 55;
	objects = {

/* Begin PBXBuildFile section */
		F540131728733BE400AF64A9 /* Constants.swift in Sources */ = {isa = PBXBuildFile; fileRef = F540131628733BE400AF64A9 /* Constants.swift */; };
		F540131A28733C1E00AF64A9 /* alarm_sound.mp3 in Resources */ = {isa = PBXBuildFile; fileRef = F540131928733C1E00AF64A9 /* alarm_sound.mp3 */; };
		F5A03B59287B2776008F82C1 /* Player.swift in Sources */ = {isa = PBXBuildFile; fileRef = F5A03B58287B2776008F82C1 /* Player.swift */; };
		F5EA60832873250C00511BFC /* AppDelegate.swift in Sources */ = {isa = PBXBuildFile; fileRef = F5EA60822873250C00511BFC /* AppDelegate.swift */; };
		F5EA60852873250C00511BFC /* SceneDelegate.swift in Sources */ = {isa = PBXBuildFile; fileRef = F5EA60842873250C00511BFC /* SceneDelegate.swift */; };
		F5EA60872873250C00511BFC /* ViewController.swift in Sources */ = {isa = PBXBuildFile; fileRef = F5EA60862873250C00511BFC /* ViewController.swift */; };
		F5EA608A2873250C00511BFC /* Main.storyboard in Resources */ = {isa = PBXBuildFile; fileRef = F5EA60882873250C00511BFC /* Main.storyboard */; };
		F5EA608C2873250D00511BFC /* Assets.xcassets in Resources */ = {isa = PBXBuildFile; fileRef = F5EA608B2873250D00511BFC /* Assets.xcassets */; };
		F5EA608F2873250D00511BFC /* LaunchScreen.storyboard in Resources */ = {isa = PBXBuildFile; fileRef = F5EA608D2873250D00511BFC /* LaunchScreen.storyboard */; };
		F5EA609A2873250D00511BFC /* EggTimerTests.swift in Sources */ = {isa = PBXBuildFile; fileRef = F5EA60992873250D00511BFC /* EggTimerTests.swift */; };
		F5EA60A42873250D00511BFC /* EggTimerUITests.swift in Sources */ = {isa = PBXBuildFile; fileRef = F5EA60A32873250D00511BFC /* EggTimerUITests.swift */; };
		F5EA60A62873250D00511BFC /* EggTimerUITestsLaunchTests.swift in Sources */ = {isa = PBXBuildFile; fileRef = F5EA60A52873250D00511BFC /* EggTimerUITestsLaunchTests.swift */; };
/* End PBXBuildFile section */

/* Begin PBXContainerItemProxy section */
		F5EA60962873250D00511BFC /* PBXContainerItemProxy */ = {
			isa = PBXContainerItemProxy;
			containerPortal = F5EA60772873250C00511BFC /* Project object */;
			proxyType = 1;
			remoteGlobalIDString = F5EA607E2873250C00511BFC;
			remoteInfo = EggTimer;
		};
		F5EA60A02873250D00511BFC /* PBXContainerItemProxy */ = {
			isa = PBXContainerItemProxy;
			containerPortal = F5EA60772873250C00511BFC /* Project object */;
			proxyType = 1;
			remoteGlobalIDString = F5EA607E2873250C00511BFC;
			remoteInfo = EggTimer;
		};
/* End PBXContainerItemProxy section */

/* Begin PBXFileReference section */
		F540131628733BE400AF64A9 /* Constants.swift */ = {isa = PBXFileReference; lastKnownFileType = sourcecode.swift; path = Constants.swift; sourceTree = "<group>"; };
		F540131928733C1E00AF64A9 /* alarm_sound.mp3 */ = {isa = PBXFileReference; lastKnownFileType = audio.mp3; path = alarm_sound.mp3; sourceTree = "<group>"; };
		F5A03B58287B2776008F82C1 /* Player.swift */ = {isa = PBXFileReference; lastKnownFileType = sourcecode.swift; path = Player.swift; sourceTree = "<group>"; };
		F5EA607F2873250C00511BFC /* EggTimer.app */ = {isa = PBXFileReference; explicitFileType = wrapper.application; includeInIndex = 0; path = EggTimer.app; sourceTree = BUILT_PRODUCTS_DIR; };
		F5EA60822873250C00511BFC /* AppDelegate.swift */ = {isa = PBXFileReference; lastKnownFileType = sourcecode.swift; path = AppDelegate.swift; sourceTree = "<group>"; };
		F5EA60842873250C00511BFC /* SceneDelegate.swift */ = {isa = PBXFileReference; lastKnownFileType = sourcecode.swift; path = SceneDelegate.swift; sourceTree = "<group>"; };
		F5EA60862873250C00511BFC /* ViewController.swift */ = {isa = PBXFileReference; lastKnownFileType = sourcecode.swift; path = ViewController.swift; sourceTree = "<group>"; };
		F5EA60892873250C00511BFC /* Base */ = {isa = PBXFileReference; lastKnownFileType = file.storyboard; name = Base; path = Base.lproj/Main.storyboard; sourceTree = "<group>"; };
		F5EA608B2873250D00511BFC /* Assets.xcassets */ = {isa = PBXFileReference; lastKnownFileType = folder.assetcatalog; path = Assets.xcassets; sourceTree = "<group>"; };
		F5EA608E2873250D00511BFC /* Base */ = {isa = PBXFileReference; lastKnownFileType = file.storyboard; name = Base; path = Base.lproj/LaunchScreen.storyboard; sourceTree = "<group>"; };
		F5EA60902873250D00511BFC /* Info.plist */ = {isa = PBXFileReference; lastKnownFileType = text.plist.xml; path = Info.plist; sourceTree = "<group>"; };
		F5EA60952873250D00511BFC /* EggTimerTests.xctest */ = {isa = PBXFileReference; explicitFileType = wrapper.cfbundle; includeInIndex = 0; path = EggTimerTests.xctest; sourceTree = BUILT_PRODUCTS_DIR; };
		F5EA60992873250D00511BFC /* EggTimerTests.swift */ = {isa = PBXFileReference; lastKnownFileType = sourcecode.swift; path = EggTimerTests.swift; sourceTree = "<group>"; };
		F5EA609F2873250D00511BFC /* EggTimerUITests.xctest */ = {isa = PBXFileReference; explicitFileType = wrapper.cfbundle; includeInIndex = 0; path = EggTimerUITests.xctest; sourceTree = BUILT_PRODUCTS_DIR; };
		F5EA60A32873250D00511BFC /* EggTimerUITests.swift */ = {isa = PBXFileReference; lastKnownFileType = sourcecode.swift; path = EggTimerUITests.swift; sourceTree = "<group>"; };
		F5EA60A52873250D00511BFC /* EggTimerUITestsLaunchTests.swift */ = {isa = PBXFileReference; lastKnownFileType = sourcecode.swift; path = EggTimerUITestsLaunchTests.swift; sourceTree = "<group>"; };
/* End PBXFileReference section */

/* Begin PBXFrameworksBuildPhase section */
		F5EA607C2873250C00511BFC /* Frameworks */ = {
			isa = PBXFrameworksBuildPhase;
			buildActionMask = 2147483647;
			files = (
			);
			runOnlyForDeploymentPostprocessing = 0;
		};
		F5EA60922873250D00511BFC /* Frameworks */ = {
			isa = PBXFrameworksBuildPhase;
			buildActionMask = 2147483647;
			files = (
			);
			runOnlyForDeploymentPostprocessing = 0;
		};
		F5EA609C2873250D00511BFC /* Frameworks */ = {
			isa = PBXFrameworksBuildPhase;
			buildActionMask = 2147483647;
			files = (
			);
			runOnlyForDeploymentPostprocessing = 0;
		};
/* End PBXFrameworksBuildPhase section */

/* Begin PBXGroup section */
		F540131828733C0300AF64A9 /* Sounds */ = {
			isa = PBXGroup;
			children = (
				F540131928733C1E00AF64A9 /* alarm_sound.mp3 */,
			);
			path = Sounds;
			sourceTree = "<group>";
		};
		F5EA60762873250C00511BFC = {
			isa = PBXGroup;
			children = (
				F5EA60812873250C00511BFC /* EggTimer */,
				F5EA60982873250D00511BFC /* EggTimerTests */,
				F5EA60A22873250D00511BFC /* EggTimerUITests */,
				F5EA60802873250C00511BFC /* Products */,
			);
			sourceTree = "<group>";
		};
		F5EA60802873250C00511BFC /* Products */ = {
			isa = PBXGroup;
			children = (
				F5EA607F2873250C00511BFC /* EggTimer.app */,
				F5EA60952873250D00511BFC /* EggTimerTests.xctest */,
				F5EA609F2873250D00511BFC /* EggTimerUITests.xctest */,
			);
			name = Products;
			sourceTree = "<group>";
		};
		F5EA60812873250C00511BFC /* EggTimer */ = {
			isa = PBXGroup;
			children = (
				F540131828733C0300AF64A9 /* Sounds */,
				F5EA60822873250C00511BFC /* AppDelegate.swift */,
				F5A03B58287B2776008F82C1 /* Player.swift */,
				F5EA60842873250C00511BFC /* SceneDelegate.swift */,
				F5EA60862873250C00511BFC /* ViewController.swift */,
				F540131628733BE400AF64A9 /* Constants.swift */,
				F5EA60882873250C00511BFC /* Main.storyboard */,
				F5EA608B2873250D00511BFC /* Assets.xcassets */,
				F5EA608D2873250D00511BFC /* LaunchScreen.storyboard */,
				F5EA60902873250D00511BFC /* Info.plist */,
			);
			path = EggTimer;
			sourceTree = "<group>";
		};
		F5EA60982873250D00511BFC /* EggTimerTests */ = {
			isa = PBXGroup;
			children = (
				F5EA60992873250D00511BFC /* EggTimerTests.swift */,
			);
			path = EggTimerTests;
			sourceTree = "<group>";
		};
		F5EA60A22873250D00511BFC /* EggTimerUITests */ = {
			isa = PBXGroup;
			children = (
				F5EA60A32873250D00511BFC /* EggTimerUITests.swift */,
				F5EA60A52873250D00511BFC /* EggTimerUITestsLaunchTests.swift */,
			);
			path = EggTimerUITests;
			sourceTree = "<group>";
		};
/* End PBXGroup section */

/* Begin PBXNativeTarget section */
		F5EA607E2873250C00511BFC /* EggTimer */ = {
			isa = PBXNativeTarget;
			buildConfigurationList = F5EA60A92873250D00511BFC /* Build configuration list for PBXNativeTarget "EggTimer" */;
			buildPhases = (
				F5EA607B2873250C00511BFC /* Sources */,
				F5EA607C2873250C00511BFC /* Frameworks */,
				F5EA607D2873250C00511BFC /* Resources */,
			);
			buildRules = (
			);
			dependencies = (
			);
			name = EggTimer;
			productName = EggTimer;
			productReference = F5EA607F2873250C00511BFC /* EggTimer.app */;
			productType = "com.apple.product-type.application";
		};
		F5EA60942873250D00511BFC /* EggTimerTests */ = {
			isa = PBXNativeTarget;
			buildConfigurationList = F5EA60AC2873250D00511BFC /* Build configuration list for PBXNativeTarget "EggTimerTests" */;
			buildPhases = (
				F5EA60912873250D00511BFC /* Sources */,
				F5EA60922873250D00511BFC /* Frameworks */,
				F5EA60932873250D00511BFC /* Resources */,
			);
			buildRules = (
			);
			dependencies = (
				F5EA60972873250D00511BFC /* PBXTargetDependency */,
			);
			name = EggTimerTests;
			productName = EggTimerTests;
			productReference = F5EA60952873250D00511BFC /* EggTimerTests.xctest */;
			productType = "com.apple.product-type.bundle.unit-test";
		};
		F5EA609E2873250D00511BFC /* EggTimerUITests */ = {
			isa = PBXNativeTarget;
			buildConfigurationList = F5EA60AF2873250D00511BFC /* Build configuration list for PBXNativeTarget "EggTimerUITests" */;
			buildPhases = (
				F5EA609B2873250D00511BFC /* Sources */,
				F5EA609C2873250D00511BFC /* Frameworks */,
				F5EA609D2873250D00511BFC /* Resources */,
			);
			buildRules = (
			);
			dependencies = (
				F5EA60A12873250D00511BFC /* PBXTargetDependency */,
			);
			name = EggTimerUITests;
			productName = EggTimerUITests;
			productReference = F5EA609F2873250D00511BFC /* EggTimerUITests.xctest */;
			productType = "com.apple.product-type.bundle.ui-testing";
		};
/* End PBXNativeTarget section */

/* Begin PBXProject section */
		F5EA60772873250C00511BFC /* Project object */ = {
			isa = PBXProject;
			attributes = {
				BuildIndependentTargetsInParallel = 1;
				LastSwiftUpdateCheck = 1340;
				LastUpgradeCheck = 1340;
				TargetAttributes = {
					F5EA607E2873250C00511BFC = {
						CreatedOnToolsVersion = 13.4.1;
					};
					F5EA60942873250D00511BFC = {
						CreatedOnToolsVersion = 13.4.1;
						TestTargetID = F5EA607E2873250C00511BFC;
					};
					F5EA609E2873250D00511BFC = {
						CreatedOnToolsVersion = 13.4.1;
						TestTargetID = F5EA607E2873250C00511BFC;
					};
				};
			};
			buildConfigurationList = F5EA607A2873250C00511BFC /* Build configuration list for PBXProject "EggTimer" */;
			compatibilityVersion = "Xcode 13.0";
			developmentRegion = en;
			hasScannedForEncodings = 0;
			knownRegions = (
				en,
				Base,
			);
			mainGroup = F5EA60762873250C00511BFC;
			productRefGroup = F5EA60802873250C00511BFC /* Products */;
			projectDirPath = "";
			projectRoot = "";
			targets = (
				F5EA607E2873250C00511BFC /* EggTimer */,
				F5EA60942873250D00511BFC /* EggTimerTests */,
				F5EA609E2873250D00511BFC /* EggTimerUITests */,
			);
		};
/* End PBXProject section */

/* Begin PBXResourcesBuildPhase section */
		F5EA607D2873250C00511BFC /* Resources */ = {
			isa = PBXResourcesBuildPhase;
			buildActionMask = 2147483647;
			files = (
				F5EA608F2873250D00511BFC /* LaunchScreen.storyboard in Resources */,
				F5EA608C2873250D00511BFC /* Assets.xcassets in Resources */,
				F540131A28733C1E00AF64A9 /* alarm_sound.mp3 in Resources */,
				F5EA608A2873250C00511BFC /* Main.storyboard in Resources */,
			);
			runOnlyForDeploymentPostprocessing = 0;
		};
		F5EA60932873250D00511BFC /* Resources */ = {
			isa = PBXResourcesBuildPhase;
			buildActionMask = 2147483647;
			files = (
			);
			runOnlyForDeploymentPostprocessing = 0;
		};
		F5EA609D2873250D00511BFC /* Resources */ = {
			isa = PBXResourcesBuildPhase;
			buildActionMask = 2147483647;
			files = (
			);
			runOnlyForDeploymentPostprocessing = 0;
		};
/* End PBXResourcesBuildPhase section */

/* Begin PBXSourcesBuildPhase section */
		F5EA607B2873250C00511BFC /* Sources */ = {
			isa = PBXSourcesBuildPhase;
			buildActionMask = 2147483647;
			files = (
				F5EA60872873250C00511BFC /* ViewController.swift in Sources */,
				F5EA60832873250C00511BFC /* AppDelegate.swift in Sources */,
				F5EA60852873250C00511BFC /* SceneDelegate.swift in Sources */,
				F5A03B59287B2776008F82C1 /* Player.swift in Sources */,
				F540131728733BE400AF64A9 /* Constants.swift in Sources */,
			);
			runOnlyForDeploymentPostprocessing = 0;
		};
		F5EA60912873250D00511BFC /* Sources */ = {
			isa = PBXSourcesBuildPhase;
			buildActionMask = 2147483647;
			files = (
				F5EA609A2873250D00511BFC /* EggTimerTests.swift in Sources */,
			);
			runOnlyForDeploymentPostprocessing = 0;
		};
		F5EA609B2873250D00511BFC /* Sources */ = {
			isa = PBXSourcesBuildPhase;
			buildActionMask = 2147483647;
			files = (
				F5EA60A62873250D00511BFC /* EggTimerUITestsLaunchTests.swift in Sources */,
				F5EA60A42873250D00511BFC /* EggTimerUITests.swift in Sources */,
			);
			runOnlyForDeploymentPostprocessing = 0;
		};
/* End PBXSourcesBuildPhase section */

/* Begin PBXTargetDependency section */
		F5EA60972873250D00511BFC /* PBXTargetDependency */ = {
			isa = PBXTargetDependency;
			target = F5EA607E2873250C00511BFC /* EggTimer */;
			targetProxy = F5EA60962873250D00511BFC /* PBXContainerItemProxy */;
		};
		F5EA60A12873250D00511BFC /* PBXTargetDependency */ = {
			isa = PBXTargetDependency;
			target = F5EA607E2873250C00511BFC /* EggTimer */;
			targetProxy = F5EA60A02873250D00511BFC /* PBXContainerItemProxy */;
		};
/* End PBXTargetDependency section */

/* Begin PBXVariantGroup section */
		F5EA60882873250C00511BFC /* Main.storyboard */ = {
			isa = PBXVariantGroup;
			children = (
				F5EA60892873250C00511BFC /* Base */,
			);
			name = Main.storyboard;
			sourceTree = "<group>";
		};
		F5EA608D2873250D00511BFC /* LaunchScreen.storyboard */ = {
			isa = PBXVariantGroup;
			children = (
				F5EA608E2873250D00511BFC /* Base */,
			);
			name = LaunchScreen.storyboard;
			sourceTree = "<group>";
		};
/* End PBXVariantGroup section */

/* Begin XCBuildConfiguration section */
		F5EA60A72873250D00511BFC /* Debug */ = {
			isa = XCBuildConfiguration;
			buildSettings = {
				ALWAYS_SEARCH_USER_PATHS = NO;
				CLANG_ANALYZER_NONNULL = YES;
				CLANG_ANALYZER_NUMBER_OBJECT_CONVERSION = YES_AGGRESSIVE;
				CLANG_CXX_LANGUAGE_STANDARD = "gnu++17";
				CLANG_ENABLE_MODULES = YES;
				CLANG_ENABLE_OBJC_ARC = YES;
				CLANG_ENABLE_OBJC_WEAK = YES;
				CLANG_WARN_BLOCK_CAPTURE_AUTORELEASING = YES;
				CLANG_WARN_BOOL_CONVERSION = YES;
				CLANG_WARN_COMMA = YES;
				CLANG_WARN_CONSTANT_CONVERSION = YES;
				CLANG_WARN_DEPRECATED_OBJC_IMPLEMENTATIONS = YES;
				CLANG_WARN_DIRECT_OBJC_ISA_USAGE = YES_ERROR;
				CLANG_WARN_DOCUMENTATION_COMMENTS = YES;
				CLANG_WARN_EMPTY_BODY = YES;
				CLANG_WARN_ENUM_CONVERSION = YES;
				CLANG_WARN_INFINITE_RECURSION = YES;
				CLANG_WARN_INT_CONVERSION = YES;
				CLANG_WARN_NON_LITERAL_NULL_CONVERSION = YES;
				CLANG_WARN_OBJC_IMPLICIT_RETAIN_SELF = YES;
				CLANG_WARN_OBJC_LITERAL_CONVERSION = YES;
				CLANG_WARN_OBJC_ROOT_CLASS = YES_ERROR;
				CLANG_WARN_QUOTED_INCLUDE_IN_FRAMEWORK_HEADER = YES;
				CLANG_WARN_RANGE_LOOP_ANALYSIS = YES;
				CLANG_WARN_STRICT_PROTOTYPES = YES;
				CLANG_WARN_SUSPICIOUS_MOVE = YES;
				CLANG_WARN_UNGUARDED_AVAILABILITY = YES_AGGRESSIVE;
				CLANG_WARN_UNREACHABLE_CODE = YES;
				CLANG_WARN__DUPLICATE_METHOD_MATCH = YES;
				COPY_PHASE_STRIP = NO;
				DEBUG_INFORMATION_FORMAT = dwarf;
				ENABLE_STRICT_OBJC_MSGSEND = YES;
				ENABLE_TESTABILITY = YES;
				GCC_C_LANGUAGE_STANDARD = gnu11;
				GCC_DYNAMIC_NO_PIC = NO;
				GCC_NO_COMMON_BLOCKS = YES;
				GCC_OPTIMIZATION_LEVEL = 0;
				GCC_PREPROCESSOR_DEFINITIONS = (
					"DEBUG=1",
					"$(inherited)",
				);
				GCC_WARN_64_TO_32_BIT_CONVERSION = YES;
				GCC_WARN_ABOUT_RETURN_TYPE = YES_ERROR;
				GCC_WARN_UNDECLARED_SELECTOR = YES;
				GCC_WARN_UNINITIALIZED_AUTOS = YES_AGGRESSIVE;
				GCC_WARN_UNUSED_FUNCTION = YES;
				GCC_WARN_UNUSED_VARIABLE = YES;
				IPHONEOS_DEPLOYMENT_TARGET = 15.5;
				MTL_ENABLE_DEBUG_INFO = INCLUDE_SOURCE;
				MTL_FAST_MATH = YES;
				ONLY_ACTIVE_ARCH = YES;
				SDKROOT = iphoneos;
				SWIFT_ACTIVE_COMPILATION_CONDITIONS = DEBUG;
				SWIFT_OPTIMIZATION_LEVEL = "-Onone";
			};
			name = Debug;
		};
		F5EA60A82873250D00511BFC /* Release */ = {
			isa = XCBuildConfiguration;
			buildSettings = {
				ALWAYS_SEARCH_USER_PATHS = NO;
				CLANG_ANALYZER_NONNULL = YES;
				CLANG_ANALYZER_NUMBER_OBJECT_CONVERSION = YES_AGGRESSIVE;
				CLANG_CXX_LANGUAGE_STANDARD = "gnu++17";
				CLANG_ENABLE_MODULES = YES;
				CLANG_ENABLE_OBJC_ARC = YES;
				CLANG_ENABLE_OBJC_WEAK = YES;
				CLANG_WARN_BLOCK_CAPTURE_AUTORELEASING = YES;
				CLANG_WARN_BOOL_CONVERSION = YES;
				CLANG_WARN_COMMA = YES;
				CLANG_WARN_CONSTANT_CONVERSION = YES;
				CLANG_WARN_DEPRECATED_OBJC_IMPLEMENTATIONS = YES;
				CLANG_WARN_DIRECT_OBJC_ISA_USAGE = YES_ERROR;
				CLANG_WARN_DOCUMENTATION_COMMENTS = YES;
				CLANG_WARN_EMPTY_BODY = YES;
				CLANG_WARN_ENUM_CONVERSION = YES;
				CLANG_WARN_INFINITE_RECURSION = YES;
				CLANG_WARN_INT_CONVERSION = YES;
				CLANG_WARN_NON_LITERAL_NULL_CONVERSION = YES;
				CLANG_WARN_OBJC_IMPLICIT_RETAIN_SELF = YES;
				CLANG_WARN_OBJC_LITERAL_CONVERSION = YES;
				CLANG_WARN_OBJC_ROOT_CLASS = YES_ERROR;
				CLANG_WARN_QUOTED_INCLUDE_IN_FRAMEWORK_HEADER = YES;
				CLANG_WARN_RANGE_LOOP_ANALYSIS = YES;
				CLANG_WARN_STRICT_PROTOTYPES = YES;
				CLANG_WARN_SUSPICIOUS_MOVE = YES;
				CLANG_WARN_UNGUARDED_AVAILABILITY = YES_AGGRESSIVE;
				CLANG_WARN_UNREACHABLE_CODE = YES;
				CLANG_WARN__DUPLICATE_METHOD_MATCH = YES;
				COPY_PHASE_STRIP = NO;
				DEBUG_INFORMATION_FORMAT = "dwarf-with-dsym";
				ENABLE_NS_ASSERTIONS = NO;
				ENABLE_STRICT_OBJC_MSGSEND = YES;
				GCC_C_LANGUAGE_STANDARD = gnu11;
				GCC_NO_COMMON_BLOCKS = YES;
				GCC_WARN_64_TO_32_BIT_CONVERSION = YES;
				GCC_WARN_ABOUT_RETURN_TYPE = YES_ERROR;
				GCC_WARN_UNDECLARED_SELECTOR = YES;
				GCC_WARN_UNINITIALIZED_AUTOS = YES_AGGRESSIVE;
				GCC_WARN_UNUSED_FUNCTION = YES;
				GCC_WARN_UNUSED_VARIABLE = YES;
				IPHONEOS_DEPLOYMENT_TARGET = 15.5;
				MTL_ENABLE_DEBUG_INFO = NO;
				MTL_FAST_MATH = YES;
				SDKROOT = iphoneos;
				SWIFT_COMPILATION_MODE = wholemodule;
				SWIFT_OPTIMIZATION_LEVEL = "-O";
				VALIDATE_PRODUCT = YES;
			};
			name = Release;
		};
		F5EA60AA2873250D00511BFC /* Debug */ = {
			isa = XCBuildConfiguration;
			buildSettings = {
				ASSETCATALOG_COMPILER_APPICON_NAME = AppIcon;
				ASSETCATALOG_COMPILER_GLOBAL_ACCENT_COLOR_NAME = AccentColor;
				CODE_SIGN_STYLE = Automatic;
				CURRENT_PROJECT_VERSION = 1;
				DEVELOPMENT_TEAM = A782SXFP6X;
				GENERATE_INFOPLIST_FILE = YES;
				INFOPLIST_FILE = EggTimer/Info.plist;
				INFOPLIST_KEY_UIApplicationSupportsIndirectInputEvents = YES;
				INFOPLIST_KEY_UILaunchStoryboardName = LaunchScreen;
				INFOPLIST_KEY_UIMainStoryboardFile = Main;
				INFOPLIST_KEY_UISupportedInterfaceOrientations_iPad = "UIInterfaceOrientationPortrait UIInterfaceOrientationPortraitUpsideDown UIInterfaceOrientationLandscapeLeft UIInterfaceOrientationLandscapeRight";
				INFOPLIST_KEY_UISupportedInterfaceOrientations_iPhone = "UIInterfaceOrientationPortrait UIInterfaceOrientationLandscapeLeft UIInterfaceOrientationLandscapeRight";
				LD_RUNPATH_SEARCH_PATHS = (
					"$(inherited)",
					"@executable_path/Frameworks",
				);
				MARKETING_VERSION = 1.0;
				PRODUCT_BUNDLE_IDENTIFIER = com.nkonsta.EggTimer;
				PRODUCT_NAME = "$(TARGET_NAME)";
				SWIFT_EMIT_LOC_STRINGS = YES;
				SWIFT_VERSION = 5.0;
				TARGETED_DEVICE_FAMILY = "1,2";
			};
			name = Debug;
		};
		F5EA60AB2873250D00511BFC /* Release */ = {
			isa = XCBuildConfiguration;
			buildSettings = {
				ASSETCATALOG_COMPILER_APPICON_NAME = AppIcon;
				ASSETCATALOG_COMPILER_GLOBAL_ACCENT_COLOR_NAME = AccentColor;
				CODE_SIGN_STYLE = Automatic;
				CURRENT_PROJECT_VERSION = 1;
				DEVELOPMENT_TEAM = A782SXFP6X;
				GENERATE_INFOPLIST_FILE = YES;
				INFOPLIST_FILE = EggTimer/Info.plist;
				INFOPLIST_KEY_UIApplicationSupportsIndirectInputEvents = YES;
				INFOPLIST_KEY_UILaunchStoryboardName = LaunchScreen;
				INFOPLIST_KEY_UIMainStoryboardFile = Main;
				INFOPLIST_KEY_UISupportedInterfaceOrientations_iPad = "UIInterfaceOrientationPortrait UIInterfaceOrientationPortraitUpsideDown UIInterfaceOrientationLandscapeLeft UIInterfaceOrientationLandscapeRight";
				INFOPLIST_KEY_UISupportedInterfaceOrientations_iPhone = "UIInterfaceOrientationPortrait UIInterfaceOrientationLandscapeLeft UIInterfaceOrientationLandscapeRight";
				LD_RUNPATH_SEARCH_PATHS = (
					"$(inherited)",
					"@executable_path/Frameworks",
				);
				MARKETING_VERSION = 1.0;
				PRODUCT_BUNDLE_IDENTIFIER = com.nkonsta.EggTimer;
				PRODUCT_NAME = "$(TARGET_NAME)";
				SWIFT_EMIT_LOC_STRINGS = YES;
				SWIFT_VERSION = 5.0;
				TARGETED_DEVICE_FAMILY = "1,2";
			};
			name = Release;
		};
		F5EA60AD2873250D00511BFC /* Debug */ = {
			isa = XCBuildConfiguration;
			buildSettings = {
				ALWAYS_EMBED_SWIFT_STANDARD_LIBRARIES = YES;
				BUNDLE_LOADER = "$(TEST_HOST)";
				CODE_SIGN_STYLE = Automatic;
				CURRENT_PROJECT_VERSION = 1;
				DEVELOPMENT_TEAM = A782SXFP6X;
				GENERATE_INFOPLIST_FILE = YES;
				IPHONEOS_DEPLOYMENT_TARGET = 15.5;
				MARKETING_VERSION = 1.0;
				PRODUCT_BUNDLE_IDENTIFIER = com.nkonsta.EggTimerTests;
				PRODUCT_NAME = "$(TARGET_NAME)";
				SWIFT_EMIT_LOC_STRINGS = NO;
				SWIFT_VERSION = 5.0;
				TARGETED_DEVICE_FAMILY = "1,2";
				TEST_HOST = "$(BUILT_PRODUCTS_DIR)/EggTimer.app/EggTimer";
			};
			name = Debug;
		};
		F5EA60AE2873250D00511BFC /* Release */ = {
			isa = XCBuildConfiguration;
			buildSettings = {
				ALWAYS_EMBED_SWIFT_STANDARD_LIBRARIES = YES;
				BUNDLE_LOADER = "$(TEST_HOST)";
				CODE_SIGN_STYLE = Automatic;
				CURRENT_PROJECT_VERSION = 1;
				DEVELOPMENT_TEAM = A782SXFP6X;
				GENERATE_INFOPLIST_FILE = YES;
				IPHONEOS_DEPLOYMENT_TARGET = 15.5;
				MARKETING_VERSION = 1.0;
				PRODUCT_BUNDLE_IDENTIFIER = com.nkonsta.EggTimerTests;
				PRODUCT_NAME = "$(TARGET_NAME)";
				SWIFT_EMIT_LOC_STRINGS = NO;
				SWIFT_VERSION = 5.0;
				TARGETED_DEVICE_FAMILY = "1,2";
				TEST_HOST = "$(BUILT_PRODUCTS_DIR)/EggTimer.app/EggTimer";
			};
			name = Release;
		};
		F5EA60B02873250D00511BFC /* Debug */ = {
			isa = XCBuildConfiguration;
			buildSettings = {
				ALWAYS_EMBED_SWIFT_STANDARD_LIBRARIES = YES;
				CODE_SIGN_STYLE = Automatic;
				CURRENT_PROJECT_VERSION = 1;
				DEVELOPMENT_TEAM = A782SXFP6X;
				GENERATE_INFOPLIST_FILE = YES;
				MARKETING_VERSION = 1.0;
				PRODUCT_BUNDLE_IDENTIFIER = com.nkonsta.EggTimerUITests;
				PRODUCT_NAME = "$(TARGET_NAME)";
				SWIFT_EMIT_LOC_STRINGS = NO;
				SWIFT_VERSION = 5.0;
				TARGETED_DEVICE_FAMILY = "1,2";
				TEST_TARGET_NAME = EggTimer;
			};
			name = Debug;
		};
		F5EA60B12873250D00511BFC /* Release */ = {
			isa = XCBuildConfiguration;
			buildSettings = {
				ALWAYS_EMBED_SWIFT_STANDARD_LIBRARIES = YES;
				CODE_SIGN_STYLE = Automatic;
				CURRENT_PROJECT_VERSION = 1;
				DEVELOPMENT_TEAM = A782SXFP6X;
				GENERATE_INFOPLIST_FILE = YES;
				MARKETING_VERSION = 1.0;
				PRODUCT_BUNDLE_IDENTIFIER = com.nkonsta.EggTimerUITests;
				PRODUCT_NAME = "$(TARGET_NAME)";
				SWIFT_EMIT_LOC_STRINGS = NO;
				SWIFT_VERSION = 5.0;
				TARGETED_DEVICE_FAMILY = "1,2";
				TEST_TARGET_NAME = EggTimer;
			};
			name = Release;
		};
/* End XCBuildConfiguration section */

/* Begin XCConfigurationList section */
		F5EA607A2873250C00511BFC /* Build configuration list for PBXProject "EggTimer" */ = {
			isa = XCConfigurationList;
			buildConfigurations = (
				F5EA60A72873250D00511BFC /* Debug */,
				F5EA60A82873250D00511BFC /* Release */,
			);
			defaultConfigurationIsVisible = 0;
			defaultConfigurationName = Release;
		};
		F5EA60A92873250D00511BFC /* Build configuration list for PBXNativeTarget "EggTimer" */ = {
			isa = XCConfigurationList;
			buildConfigurations = (
				F5EA60AA2873250D00511BFC /* Debug */,
				F5EA60AB2873250D00511BFC /* Release */,
			);
			defaultConfigurationIsVisible = 0;
			defaultConfigurationName = Release;
		};
		F5EA60AC2873250D00511BFC /* Build configuration list for PBXNativeTarget "EggTimerTests" */ = {
			isa = XCConfigurationList;
			buildConfigurations = (
				F5EA60AD2873250D00511BFC /* Debug */,
				F5EA60AE2873250D00511BFC /* Release */,
			);
			defaultConfigurationIsVisible = 0;
			defaultConfigurationName = Release;
		};
		F5EA60AF2873250D00511BFC /* Build configuration list for PBXNativeTarget "EggTimerUITests" */ = {
			isa = XCConfigurationList;
			buildConfigurations = (
				F5EA60B02873250D00511BFC /* Debug */,
				F5EA60B12873250D00511BFC /* Release */,
			);
			defaultConfigurationIsVisible = 0;
			defaultConfigurationName = Release;
		};
/* End XCConfigurationList section */
	};
	rootObject = F5EA60772873250C00511BFC /* Project object */;
}
